<Solution>
  <Folder Name="/Documentation/">
    <File Path="DockerExecute.txt" />
  </Folder>
  <Project Path="FunBooksAndVideos.API/FunBooksAndVideos.API.csproj" />
  <Project Path="FunBooksAndVideos.Application/FunBooksAndVideos.Application.csproj" />
  <Project Path="FunBooksAndVideos.Domain/FunBooksAndVideos.Domain.csproj" />
  <Project Path="FunBooksAndVideos.Infrastructure/FunBooksAndVideos.Infrastructure.csproj" />
  <Project Path="FunBooksAndVideos.Tests/FunBooksAndVideos.Tests.csproj" />
</Solution>
