<Solution>
  <Folder Name="/Docs/">
    <File Path="docker.md" />
    <File Path="entity-framework.md" />
    <File Path="frontend.md" />
    <File Path="FunBooksAndVideos.postman_collection.json" />
    <File Path="README.md" />
  </Folder>
  <Folder Name="/Solution Items/">
    <File Path=".env" />
    <File Path=".env.example" />
    <File Path=".gitignore" />
    <File Path="docker-compose.yml" />
  </Folder>
  <Project Path="FunBooksAndVideos.API/FunBooksAndVideos.API.csproj" />
  <Project Path="FunBooksAndVideos.Application/FunBooksAndVideos.Application.csproj" />
  <Project Path="FunBooksAndVideos.Domain/FunBooksAndVideos.Domain.csproj" />
  <Project Path="FunBooksAndVideos.Infrastructure/FunBooksAndVideos.Infrastructure.csproj" />
  <Project Path="FunBooksAndVideos.Tests/FunBooksAndVideos.Tests.csproj" />
</Solution>
